# This file is @generated by PDM.
# It is not intended for manual editing.

[metadata]
groups = ["default", "dev"]
strategy = ["cross_platform", "inherit_metadata"]
lock_version = "4.4.1"
content_hash = "sha256:f6456fa2305c3804cbfe0bd4fa24f872398111b834c46acbfcf7b1794d2b8dca"

[[package]]
name = "autopep8"
version = "2.1.0"
requires_python = ">=3.8"
summary = "A tool that automatically formats Python code to conform to the PEP 8 style guide"
groups = ["dev"]
dependencies = [
    "pycodestyle>=2.11.0",
    "tomli; python_version < \"3.11\"",
]
files = [
    {file = "autopep8-2.1.0-py2.py3-none-any.whl", hash = "sha256:2bb76888c5edbcafe6aabab3c47ba534f5a2c2d245c2eddced4a30c4b4946357"},
    {file = "autopep8-2.1.0.tar.gz", hash = "sha256:1fa8964e4618929488f4ec36795c7ff12924a68b8bf01366c094fc52f770b6e7"},
]

[[package]]
name = "pycodestyle"
version = "2.11.1"
requires_python = ">=3.8"
summary = "Python style guide checker"
groups = ["dev"]
files = [
    {file = "pycodestyle-2.11.1-py2.py3-none-any.whl", hash = "sha256:44fe31000b2d866f2e41841b18528a505fbd7fef9017b04eff4e2648a0fadc67"},
    {file = "pycodestyle-2.11.1.tar.gz", hash = "sha256:41ba0e7afc9752dfb53ced5489e89f8186be00e599e712660695b7a75ff2663f"},
]

[[package]]
name = "tomli"
version = "2.0.1"
requires_python = ">=3.7"
summary = "A lil' TOML parser"
groups = ["dev"]
marker = "python_version < \"3.11\""
files = [
    {file = "tomli-2.0.1-py3-none-any.whl", hash = "sha256:939de3e7a6161af0c887ef91b7d41a53e7c5a1ca976325f429cb46ea9bc30ecc"},
    {file = "tomli-2.0.1.tar.gz", hash = "sha256:de526c12914f0c550d15924c62d72abc48d6fe7364aa87328337a31007fe8a4f"},
]
